
Microsoft Visual Studio Solution File, Format Version 12.00
# Visual Studio 15
VisualStudioVersion = 15.0.26730.16
MinimumVisualStudioVersion = 10.0.40219.1
Project("{FAE04EC0-301F-11D3-BF4B-00C04F79EFBC}") = "ModelFirstConsoleApp", "ModelFirstConsoleApp\ModelFirstConsoleApp.csproj", "{EBA9D8B3-2DC5-48E8-B240-D7A62B17D851}"
EndProject
Global
	GlobalSection(SolutionConfigurationPlatforms) = preSolution
		Debug|Any CPU = Debug|Any CPU
		Release|Any CPU = Release|Any CPU
	EndGlobalSection
	GlobalSection(ProjectConfigurationPlatforms) = postSolution
		{EBA9D8B3-2DC5-48E8-B240-D7A62B17D851}.Debug|Any CPU.ActiveCfg = Debug|Any CPU
		{EBA9D8B3-2DC5-48E8-B240-D7A62B17D851}.Debug|Any CPU.Build.0 = Debug|Any CPU
		{EBA9D8B3-2DC5-48E8-B240-D7A62B17D851}.Release|Any CPU.ActiveCfg = Release|Any CPU
		{EBA9D8B3-2DC5-48E8-B240-D7A62B17D851}.Release|Any CPU.Build.0 = Release|Any CPU
	EndGlobalSection
	GlobalSection(SolutionProperties) = preSolution
		HideSolutionNode = FALSE
	EndGlobalSection
	GlobalSection(ExtensibilityGlobals) = postSolution
		SolutionGuid = {E72EE9BA-3417-4924-BBE1-B9828FBB9ED6}
	EndGlobalSection
EndGlobal
