
Microsoft Visual Studio Solution File, Format Version 12.00
# Visual Studio 15
VisualStudioVersion = 15.0.26730.16
MinimumVisualStudioVersion = 10.0.40219.1
Project("{FAE04EC0-301F-11D3-BF4B-00C04F79EFBC}") = "DBFirstProductTask", "DBFirstProductTask\DBFirstProductTask.csproj", "{670CFCAD-3195-481C-97F4-97501D0AF0F8}"
EndProject
Global
	GlobalSection(SolutionConfigurationPlatforms) = preSolution
		Debug|Any CPU = Debug|Any CPU
		Release|Any CPU = Release|Any CPU
	EndGlobalSection
	GlobalSection(ProjectConfigurationPlatforms) = postSolution
		{670CFCAD-3195-481C-97F4-97501D0AF0F8}.Debug|Any CPU.ActiveCfg = Debug|Any CPU
		{670CFCAD-3195-481C-97F4-97501D0AF0F8}.Debug|Any CPU.Build.0 = Debug|Any CPU
		{670CFCAD-3195-481C-97F4-97501D0AF0F8}.Release|Any CPU.ActiveCfg = Release|Any CPU
		{670CFCAD-3195-481C-97F4-97501D0AF0F8}.Release|Any CPU.Build.0 = Release|Any CPU
	EndGlobalSection
	GlobalSection(SolutionProperties) = preSolution
		HideSolutionNode = FALSE
	EndGlobalSection
	GlobalSection(ExtensibilityGlobals) = postSolution
		SolutionGuid = {CC70C7E4-66E0-4B38-B32B-A341D4B43EC1}
	EndGlobalSection
EndGlobal
