
Microsoft Visual Studio Solution File, Format Version 12.00
# Visual Studio 15
VisualStudioVersion = 15.0.26730.16
MinimumVisualStudioVersion = 10.0.40219.1
Project("{FAE04EC0-301F-11D3-BF4B-00C04F79EFBC}") = "EFCodeFirstProductCustomer", "EFCodeFirstProductCustomer\EFCodeFirstProductCustomer.csproj", "{0621028D-436E-423F-9237-D15288D64585}"
EndProject
Global
	GlobalSection(SolutionConfigurationPlatforms) = preSolution
		Debug|Any CPU = Debug|Any CPU
		Release|Any CPU = Release|Any CPU
	EndGlobalSection
	GlobalSection(ProjectConfigurationPlatforms) = postSolution
		{0621028D-436E-423F-9237-D15288D64585}.Debug|Any CPU.ActiveCfg = Debug|Any CPU
		{0621028D-436E-423F-9237-D15288D64585}.Debug|Any CPU.Build.0 = Debug|Any CPU
		{0621028D-436E-423F-9237-D15288D64585}.Release|Any CPU.ActiveCfg = Release|Any CPU
		{0621028D-436E-423F-9237-D15288D64585}.Release|Any CPU.Build.0 = Release|Any CPU
	EndGlobalSection
	GlobalSection(SolutionProperties) = preSolution
		HideSolutionNode = FALSE
	EndGlobalSection
	GlobalSection(ExtensibilityGlobals) = postSolution
		SolutionGuid = {A85B10E9-4946-44C0-92B8-99D4796E397A}
	EndGlobalSection
EndGlobal
